
Microsoft Visual Studio Solution File, Format Version 12.00
# Visual Studio Version 17
VisualStudioVersion = 17.11.35327.3
MinimumVisualStudioVersion = 10.0.40219.1
Project("{8BC9CEB8-8B4A-11D0-8D11-00A0C91BC942}") = "October28_2024-COSC1437.002", "October28_2024-COSC1437.002\October28_2024-COSC1437.002.vcxproj", "{57AEFD55-908E-4642-A69C-6B6A45E2BB27}"
EndProject
Project("{8BC9CEB8-8B4A-11D0-8D11-00A0C91BC942}") = "Demoing the NEW operator", "Demoing the NEW operator\Demoing the NEW operator.vcxproj", "{96E50D36-75C0-48BB-BAF4-2AC4C94BE667}"
EndProject
Project("{8BC9CEB8-8B4A-11D0-8D11-00A0C91BC942}") = "Demoing memory leaks", "Demoing memory leaks\Demoing memory leaks.vcxproj", "{D24B5407-4329-41C5-9934-DC9642A77DAD}"
EndProject
Project("{8BC9CEB8-8B4A-11D0-8D11-00A0C91BC942}") = "Dynamic 2D array - vector - demo", "Dynamic 2D array - vector - demo\Dynamic 2D array - vector - demo.vcxproj", "{E28CBE7C-CF82-4273-82A5-3481DA931CDF}"
EndProject
Global
	GlobalSection(SolutionConfigurationPlatforms) = preSolution
		Debug|x64 = Debug|x64
		Debug|x86 = Debug|x86
		Release|x64 = Release|x64
		Release|x86 = Release|x86
	EndGlobalSection
	GlobalSection(ProjectConfigurationPlatforms) = postSolution
		{57AEFD55-908E-4642-A69C-6B6A45E2BB27}.Debug|x64.ActiveCfg = Debug|x64
		{57AEFD55-908E-4642-A69C-6B6A45E2BB27}.Debug|x64.Build.0 = Debug|x64
		{57AEFD55-908E-4642-A69C-6B6A45E2BB27}.Debug|x86.ActiveCfg = Debug|Win32
		{57AEFD55-908E-4642-A69C-6B6A45E2BB27}.Debug|x86.Build.0 = Debug|Win32
		{57AEFD55-908E-4642-A69C-6B6A45E2BB27}.Release|x64.ActiveCfg = Release|x64
		{57AEFD55-908E-4642-A69C-6B6A45E2BB27}.Release|x64.Build.0 = Release|x64
		{57AEFD55-908E-4642-A69C-6B6A45E2BB27}.Release|x86.ActiveCfg = Release|Win32
		{57AEFD55-908E-4642-A69C-6B6A45E2BB27}.Release|x86.Build.0 = Release|Win32
		{96E50D36-75C0-48BB-BAF4-2AC4C94BE667}.Debug|x64.ActiveCfg = Debug|x64
		{96E50D36-75C0-48BB-BAF4-2AC4C94BE667}.Debug|x64.Build.0 = Debug|x64
		{96E50D36-75C0-48BB-BAF4-2AC4C94BE667}.Debug|x86.ActiveCfg = Debug|Win32
		{96E50D36-75C0-48BB-BAF4-2AC4C94BE667}.Debug|x86.Build.0 = Debug|Win32
		{96E50D36-75C0-48BB-BAF4-2AC4C94BE667}.Release|x64.ActiveCfg = Release|x64
		{96E50D36-75C0-48BB-BAF4-2AC4C94BE667}.Release|x64.Build.0 = Release|x64
		{96E50D36-75C0-48BB-BAF4-2AC4C94BE667}.Release|x86.ActiveCfg = Release|Win32
		{96E50D36-75C0-48BB-BAF4-2AC4C94BE667}.Release|x86.Build.0 = Release|Win32
		{D24B5407-4329-41C5-9934-DC9642A77DAD}.Debug|x64.ActiveCfg = Debug|x64
		{D24B5407-4329-41C5-9934-DC9642A77DAD}.Debug|x64.Build.0 = Debug|x64
		{D24B5407-4329-41C5-9934-DC9642A77DAD}.Debug|x86.ActiveCfg = Debug|Win32
		{D24B5407-4329-41C5-9934-DC9642A77DAD}.Debug|x86.Build.0 = Debug|Win32
		{D24B5407-4329-41C5-9934-DC9642A77DAD}.Release|x64.ActiveCfg = Release|x64
		{D24B5407-4329-41C5-9934-DC9642A77DAD}.Release|x64.Build.0 = Release|x64
		{D24B5407-4329-41C5-9934-DC9642A77DAD}.Release|x86.ActiveCfg = Release|Win32
		{D24B5407-4329-41C5-9934-DC9642A77DAD}.Release|x86.Build.0 = Release|Win32
		{E28CBE7C-CF82-4273-82A5-3481DA931CDF}.Debug|x64.ActiveCfg = Debug|x64
		{E28CBE7C-CF82-4273-82A5-3481DA931CDF}.Debug|x64.Build.0 = Debug|x64
		{E28CBE7C-CF82-4273-82A5-3481DA931CDF}.Debug|x86.ActiveCfg = Debug|Win32
		{E28CBE7C-CF82-4273-82A5-3481DA931CDF}.Debug|x86.Build.0 = Debug|Win32
		{E28CBE7C-CF82-4273-82A5-3481DA931CDF}.Release|x64.ActiveCfg = Release|x64
		{E28CBE7C-CF82-4273-82A5-3481DA931CDF}.Release|x64.Build.0 = Release|x64
		{E28CBE7C-CF82-4273-82A5-3481DA931CDF}.Release|x86.ActiveCfg = Release|Win32
		{E28CBE7C-CF82-4273-82A5-3481DA931CDF}.Release|x86.Build.0 = Release|Win32
	EndGlobalSection
	GlobalSection(SolutionProperties) = preSolution
		HideSolutionNode = FALSE
	EndGlobalSection
	GlobalSection(ExtensibilityGlobals) = postSolution
		SolutionGuid = {1C9B72E3-1973-43EE-83BB-463F517D79A4}
	EndGlobalSection
EndGlobal
